
Microsoft Visual Studio Solution File, Format Version 12.00
# Visual Studio Version 16
VisualStudioVersion = 16.0.30002.166
MinimumVisualStudioVersion = 10.0.40219.1
Project("{FAE04EC0-301F-11D3-BF4B-00C04F79EFBC}") = "TestApp", "TestApp\TestApp.csproj", "{B0E5D63F-3DAE-4931-A130-86902C0A7F94}"
EndProject
Global
	GlobalSection(SolutionConfigurationPlatforms) = preSolution
		Debug|Any CPU = Debug|Any CPU
		Release|Any CPU = Release|Any CPU
	EndGlobalSection
	GlobalSection(ProjectConfigurationPlatforms) = postSolution
		{B0E5D63F-3DAE-4931-A130-86902C0A7F94}.Debug|Any CPU.ActiveCfg = Debug|Any CPU
		{B0E5D63F-3DAE-4931-A130-86902C0A7F94}.Debug|Any CPU.Build.0 = Debug|Any CPU
		{B0E5D63F-3DAE-4931-A130-86902C0A7F94}.Release|Any CPU.ActiveCfg = Release|Any CPU
		{B0E5D63F-3DAE-4931-A130-86902C0A7F94}.Release|Any CPU.Build.0 = Release|Any CPU
	EndGlobalSection
	GlobalSection(SolutionProperties) = preSolution
		HideSolutionNode = FALSE
	EndGlobalSection
	GlobalSection(ExtensibilityGlobals) = postSolution
		SolutionGuid = {864CE3FF-96CA-4177-B6FA-86BDE9362E09}
	EndGlobalSection
EndGlobal
