
Microsoft Visual Studio Solution File, Format Version 12.00
# Visual Studio Version 16
VisualStudioVersion = 16.0.29926.136
MinimumVisualStudioVersion = 10.0.40219.1
Project("{FAE04EC0-301F-11D3-BF4B-00C04F79EFBC}") = "WebAppUserTest", "WebAppUserTest\WebAppUserTest.csproj", "{6ADE7138-F8DA-483D-86F6-4ED1DB872C97}"
EndProject
Project("{FAE04EC0-301F-11D3-BF4B-00C04F79EFBC}") = "WebAppUserTest.Data", "WebAppUserTest.Data\WebAppUserTest.Data.csproj", "{8DB74982-9641-4E82-86CD-A350A845CE6B}"
EndProject
Global
	GlobalSection(SolutionConfigurationPlatforms) = preSolution
		Debug|Any CPU = Debug|Any CPU
		Release|Any CPU = Release|Any CPU
	EndGlobalSection
	GlobalSection(ProjectConfigurationPlatforms) = postSolution
		{6ADE7138-F8DA-483D-86F6-4ED1DB872C97}.Debug|Any CPU.ActiveCfg = Debug|Any CPU
		{6ADE7138-F8DA-483D-86F6-4ED1DB872C97}.Debug|Any CPU.Build.0 = Debug|Any CPU
		{6ADE7138-F8DA-483D-86F6-4ED1DB872C97}.Release|Any CPU.ActiveCfg = Release|Any CPU
		{6ADE7138-F8DA-483D-86F6-4ED1DB872C97}.Release|Any CPU.Build.0 = Release|Any CPU
		{8DB74982-9641-4E82-86CD-A350A845CE6B}.Debug|Any CPU.ActiveCfg = Debug|Any CPU
		{8DB74982-9641-4E82-86CD-A350A845CE6B}.Debug|Any CPU.Build.0 = Debug|Any CPU
		{8DB74982-9641-4E82-86CD-A350A845CE6B}.Release|Any CPU.ActiveCfg = Release|Any CPU
		{8DB74982-9641-4E82-86CD-A350A845CE6B}.Release|Any CPU.Build.0 = Release|Any CPU
	EndGlobalSection
	GlobalSection(SolutionProperties) = preSolution
		HideSolutionNode = FALSE
	EndGlobalSection
	GlobalSection(ExtensibilityGlobals) = postSolution
		SolutionGuid = {D6AC3729-3513-4BF5-B608-70FC0C666779}
	EndGlobalSection
EndGlobal
